
Microsoft Visual Studio Solution File, Format Version 12.00
# Visual Studio Version 16
VisualStudioVersion = 16.0.31613.86
MinimumVisualStudioVersion = 10.0.40219.1
Project("{FAE04EC0-301F-11D3-BF4B-00C04F79EFBC}") = "Commander", "Commander\Commander.csproj", "{EAA842BD-40A6-4FE1-AA56-66EF5AC530F6}"
EndProject
Global
	GlobalSection(SolutionConfigurationPlatforms) = preSolution
		Debug|Any CPU = Debug|Any CPU
		Release|Any CPU = Release|Any CPU
	EndGlobalSection
	GlobalSection(ProjectConfigurationPlatforms) = postSolution
		{EAA842BD-40A6-4FE1-AA56-66EF5AC530F6}.Debug|Any CPU.ActiveCfg = Debug|Any CPU
		{EAA842BD-40A6-4FE1-AA56-66EF5AC530F6}.Debug|Any CPU.Build.0 = Debug|Any CPU
		{EAA842BD-40A6-4FE1-AA56-66EF5AC530F6}.Release|Any CPU.ActiveCfg = Release|Any CPU
		{EAA842BD-40A6-4FE1-AA56-66EF5AC530F6}.Release|Any CPU.Build.0 = Release|Any CPU
	EndGlobalSection
	GlobalSection(SolutionProperties) = preSolution
		HideSolutionNode = FALSE
	EndGlobalSection
	GlobalSection(ExtensibilityGlobals) = postSolution
		SolutionGuid = {36EE0734-0B54-44ED-B8D7-2221D5DE1FFC}
	EndGlobalSection
EndGlobal
